PODS:
  - audio_picker (0.0.1):
    - Flutter
  - audio_session (0.0.1):
    - Flutter
  - audio_waveform (0.1.0):
    - Flutter
  - device_info_plus (0.0.1):
    - Flutter
  - file_picker (0.0.1):
    - Flutter
  - Flutter (1.0.0)
  - flutter_blue_plus (0.0.1):
    - Flutter
    - flutter_blue_plus/Protos (= 0.0.1)
  - flutter_blue_plus/Protos (0.0.1):
    - Flutter
    - Protobuf (~> 3.11)
  - flutter_keyboard_visibility (0.0.1):
    - Flutter
  - flutter_midi_command (0.3.6):
    - Flutter
  - just_audio (0.0.1):
    - Flutter
    - FlutterMacOS
  - mighty_ble (0.0.1):
    - Flutter
  - on_audio_query_ios (0.0.1):
    - Flutter
    - SwiftyBeaver
  - package_info_plus (0.4.5):
    - Flutter
  - path_provider_foundation (0.0.1):
    - Flutter
    - FlutterMacOS
  - permission_handler_apple (9.1.1):
    - Flutter
  - pointer_interceptor_ios (0.0.1):
    - Flutter
  - Protobuf (3.29.5)
  - qr_utils (0.1.5):
    - Flutter
  - share_plus (0.0.1):
    - Flutter
  - SwiftyBeaver (1.9.5)
  - url_launcher_ios (0.0.1):
    - Flutter
  - wakelock_plus (0.0.1):
    - Flutter

DEPENDENCIES:
  - audio_picker (from `.symlinks/plugins/audio_picker/ios`)
  - audio_session (from `.symlinks/plugins/audio_session/ios`)
  - audio_waveform (from `.symlinks/plugins/audio_waveform/ios`)
  - device_info_plus (from `.symlinks/plugins/device_info_plus/ios`)
  - file_picker (from `.symlinks/plugins/file_picker/ios`)
  - Flutter (from `Flutter`)
  - flutter_blue_plus (from `.symlinks/plugins/flutter_blue_plus/ios`)
  - flutter_keyboard_visibility (from `.symlinks/plugins/flutter_keyboard_visibility/ios`)
  - flutter_midi_command (from `.symlinks/plugins/flutter_midi_command/ios`)
  - just_audio (from `.symlinks/plugins/just_audio/darwin`)
  - mighty_ble (from `.symlinks/plugins/mighty_ble/ios`)
  - on_audio_query_ios (from `.symlinks/plugins/on_audio_query_ios/ios`)
  - package_info_plus (from `.symlinks/plugins/package_info_plus/ios`)
  - path_provider_foundation (from `.symlinks/plugins/path_provider_foundation/darwin`)
  - permission_handler_apple (from `.symlinks/plugins/permission_handler_apple/ios`)
  - pointer_interceptor_ios (from `.symlinks/plugins/pointer_interceptor_ios/ios`)
  - qr_utils (from `.symlinks/plugins/qr_utils/ios`)
  - share_plus (from `.symlinks/plugins/share_plus/ios`)
  - url_launcher_ios (from `.symlinks/plugins/url_launcher_ios/ios`)
  - wakelock_plus (from `.symlinks/plugins/wakelock_plus/ios`)

SPEC REPOS:
  trunk:
    - Protobuf
    - SwiftyBeaver

EXTERNAL SOURCES:
  audio_picker:
    :path: ".symlinks/plugins/audio_picker/ios"
  audio_session:
    :path: ".symlinks/plugins/audio_session/ios"
  audio_waveform:
    :path: ".symlinks/plugins/audio_waveform/ios"
  device_info_plus:
    :path: ".symlinks/plugins/device_info_plus/ios"
  file_picker:
    :path: ".symlinks/plugins/file_picker/ios"
  Flutter:
    :path: Flutter
  flutter_blue_plus:
    :path: ".symlinks/plugins/flutter_blue_plus/ios"
  flutter_keyboard_visibility:
    :path: ".symlinks/plugins/flutter_keyboard_visibility/ios"
  flutter_midi_command:
    :path: ".symlinks/plugins/flutter_midi_command/ios"
  just_audio:
    :path: ".symlinks/plugins/just_audio/darwin"
  mighty_ble:
    :path: ".symlinks/plugins/mighty_ble/ios"
  on_audio_query_ios:
    :path: ".symlinks/plugins/on_audio_query_ios/ios"
  package_info_plus:
    :path: ".symlinks/plugins/package_info_plus/ios"
  path_provider_foundation:
    :path: ".symlinks/plugins/path_provider_foundation/darwin"
  permission_handler_apple:
    :path: ".symlinks/plugins/permission_handler_apple/ios"
  pointer_interceptor_ios:
    :path: ".symlinks/plugins/pointer_interceptor_ios/ios"
  qr_utils:
    :path: ".symlinks/plugins/qr_utils/ios"
  share_plus:
    :path: ".symlinks/plugins/share_plus/ios"
  url_launcher_ios:
    :path: ".symlinks/plugins/url_launcher_ios/ios"
  wakelock_plus:
    :path: ".symlinks/plugins/wakelock_plus/ios"

SPEC CHECKSUMS:
  audio_picker: 8513c218b50a09e854f2336c2299fda1850dc755
  audio_session: 9bb7f6c970f21241b19f5a3658097ae459681ba0
  audio_waveform: 2775b72dcdba28027b593f3a577d4c19e2b11e21
  device_info_plus: 21fcca2080fbcd348be798aa36c3e5ed849eefbe
  file_picker: d9d9be45c6206abc12335943986a83a3fe011bda
  Flutter: cabc95a1d2626b1b06e7179b784ebcf0c0cde467
  flutter_blue_plus: b4fbe7eb2b7b4723ae93b7d43ef9f4e2af3d7cf7
  flutter_keyboard_visibility: 4625131e43015dbbe759d9b20daaf77e0e3f6619
  flutter_midi_command: 6fef11a5ca2b55d465feb797b5320c43faadec99
  just_audio: 4e391f57b79cad2b0674030a00453ca5ce817eed
  mighty_ble: bccaa455ee1097d1290d5e0fdcf14ef78d3b7ec1
  on_audio_query_ios: 28a780e2d0d85d92d500ba6e12c6c8167022b2fa
  package_info_plus: af8e2ca6888548050f16fa2f1938db7b5a5df499
  path_provider_foundation: 080d55be775b7414fd5a5ef3ac137b97b097e564
  permission_handler_apple: 3787117e48f80715ff04a3830ca039283d6a4f29
  pointer_interceptor_ios: ec847ef8b0915778bed2b2cef636f4d177fa8eed
  Protobuf: 164aea2ae380c3951abdc3e195220c01d17400e0
  qr_utils: 54943a66fbd22e397efbdf4a9a5c975c2f216835
  share_plus: 50da8cb520a8f0f65671c6c6a99b3617ed10a58a
  SwiftyBeaver: 84069991dd5dca07d7069100985badaca7f0ce82
  url_launcher_ios: 694010445543906933d732453a59da0a173ae33d
  wakelock_plus: e29112ab3ef0b318e58cfa5c32326458be66b556

PODFILE CHECKSUM: 1c455ff64ee77c3791f25effa8c3cd5a79b5888f

COCOAPODS: 1.16.2
